
Microsoft Visual Studio Solution File, Format Version 12.00
# Visual Studio Version 16
VisualStudioVersion = 16.0.30907.101
MinimumVisualStudioVersion = 10.0.40219.1
Project("{FAE04EC0-301F-11D3-BF4B-00C04F79EFBC}") = "National Court", "National Court\National Court.csproj", "{F6EEEDE5-DF34-4D95-A6D7-546FAADAC935}"
EndProject
Project("{FAE04EC0-301F-11D3-BF4B-00C04F79EFBC}") = "Shopping List", "Shopping List\Shopping List.csproj", "{B43BADF2-7213-401B-998C-14C849F9B59B}"
EndProject
Project("{FAE04EC0-301F-11D3-BF4B-00C04F79EFBC}") = "Heart Delivery", "Heart Delivery\Heart Delivery.csproj", "{67134B4A-F215-4F37-8DE8-D0A5F8AE8B73}"
EndProject
Global
	GlobalSection(SolutionConfigurationPlatforms) = preSolution
		Debug|Any CPU = Debug|Any CPU
		Release|Any CPU = Release|Any CPU
	EndGlobalSection
	GlobalSection(ProjectConfigurationPlatforms) = postSolution
		{F6EEEDE5-DF34-4D95-A6D7-546FAADAC935}.Debug|Any CPU.ActiveCfg = Debug|Any CPU
		{F6EEEDE5-DF34-4D95-A6D7-546FAADAC935}.Debug|Any CPU.Build.0 = Debug|Any CPU
		{F6EEEDE5-DF34-4D95-A6D7-546FAADAC935}.Release|Any CPU.ActiveCfg = Release|Any CPU
		{F6EEEDE5-DF34-4D95-A6D7-546FAADAC935}.Release|Any CPU.Build.0 = Release|Any CPU
		{B43BADF2-7213-401B-998C-14C849F9B59B}.Debug|Any CPU.ActiveCfg = Debug|Any CPU
		{B43BADF2-7213-401B-998C-14C849F9B59B}.Debug|Any CPU.Build.0 = Debug|Any CPU
		{B43BADF2-7213-401B-998C-14C849F9B59B}.Release|Any CPU.ActiveCfg = Release|Any CPU
		{B43BADF2-7213-401B-998C-14C849F9B59B}.Release|Any CPU.Build.0 = Release|Any CPU
		{67134B4A-F215-4F37-8DE8-D0A5F8AE8B73}.Debug|Any CPU.ActiveCfg = Debug|Any CPU
		{67134B4A-F215-4F37-8DE8-D0A5F8AE8B73}.Debug|Any CPU.Build.0 = Debug|Any CPU
		{67134B4A-F215-4F37-8DE8-D0A5F8AE8B73}.Release|Any CPU.ActiveCfg = Release|Any CPU
		{67134B4A-F215-4F37-8DE8-D0A5F8AE8B73}.Release|Any CPU.Build.0 = Release|Any CPU
	EndGlobalSection
	GlobalSection(SolutionProperties) = preSolution
		HideSolutionNode = FALSE
	EndGlobalSection
	GlobalSection(ExtensibilityGlobals) = postSolution
		SolutionGuid = {E3215715-459F-41B1-8A6C-1643AE6219D0}
	EndGlobalSection
EndGlobal
