
Microsoft Visual Studio Solution File, Format Version 12.00
# Visual Studio Version 16
VisualStudioVersion = 16.0.30907.101
MinimumVisualStudioVersion = 10.0.40219.1
Project("{9A19103F-16F7-4668-BE54-9A1E7A4F7556}") = "Match Full Name", "Match Full Name\Match Full Name.csproj", "{AF3533B5-ED5E-4811-B055-14B78BBF6C06}"
EndProject
Project("{9A19103F-16F7-4668-BE54-9A1E7A4F7556}") = "Match Phone Number", "Match Phone Number\Match Phone Number.csproj", "{1BF9DDEB-775E-4B7E-91F8-94FC145DE6F6}"
EndProject
Project("{FAE04EC0-301F-11D3-BF4B-00C04F79EFBC}") = "Match Dates", "Match Dates\Match Dates.csproj", "{916EBAC0-D77B-4443-99F7-D45646D455E8}"
EndProject
Global
	GlobalSection(SolutionConfigurationPlatforms) = preSolution
		Debug|Any CPU = Debug|Any CPU
		Release|Any CPU = Release|Any CPU
	EndGlobalSection
	GlobalSection(ProjectConfigurationPlatforms) = postSolution
		{AF3533B5-ED5E-4811-B055-14B78BBF6C06}.Debug|Any CPU.ActiveCfg = Debug|Any CPU
		{AF3533B5-ED5E-4811-B055-14B78BBF6C06}.Debug|Any CPU.Build.0 = Debug|Any CPU
		{AF3533B5-ED5E-4811-B055-14B78BBF6C06}.Release|Any CPU.ActiveCfg = Release|Any CPU
		{AF3533B5-ED5E-4811-B055-14B78BBF6C06}.Release|Any CPU.Build.0 = Release|Any CPU
		{1BF9DDEB-775E-4B7E-91F8-94FC145DE6F6}.Debug|Any CPU.ActiveCfg = Debug|Any CPU
		{1BF9DDEB-775E-4B7E-91F8-94FC145DE6F6}.Debug|Any CPU.Build.0 = Debug|Any CPU
		{1BF9DDEB-775E-4B7E-91F8-94FC145DE6F6}.Release|Any CPU.ActiveCfg = Release|Any CPU
		{1BF9DDEB-775E-4B7E-91F8-94FC145DE6F6}.Release|Any CPU.Build.0 = Release|Any CPU
		{916EBAC0-D77B-4443-99F7-D45646D455E8}.Debug|Any CPU.ActiveCfg = Debug|Any CPU
		{916EBAC0-D77B-4443-99F7-D45646D455E8}.Debug|Any CPU.Build.0 = Debug|Any CPU
		{916EBAC0-D77B-4443-99F7-D45646D455E8}.Release|Any CPU.ActiveCfg = Release|Any CPU
		{916EBAC0-D77B-4443-99F7-D45646D455E8}.Release|Any CPU.Build.0 = Release|Any CPU
	EndGlobalSection
	GlobalSection(SolutionProperties) = preSolution
		HideSolutionNode = FALSE
	EndGlobalSection
	GlobalSection(ExtensibilityGlobals) = postSolution
		SolutionGuid = {249C1327-14E3-425E-A201-EC00B1BC4C6E}
	EndGlobalSection
EndGlobal
